
Microsoft Visual Studio Solution File, Format Version 12.00
# Visual Studio Version 17
VisualStudioVersion = 17.1.32407.343
MinimumVisualStudioVersion = 10.0.40219.1
Project("{9A19103F-16F7-4668-BE54-9A1E7A4F7556}") = "Healthcare.Logic", "Healthcare\Healthcare.Logic.csproj", "{F0188A85-88FC-4F14-9F27-AB3117BB4310}"
EndProject
Project("{9A19103F-16F7-4668-BE54-9A1E7A4F7556}") = "Healthcare.Menu", "Healthcare.Menu\Healthcare.Menu.csproj", "{6FA424C7-0937-4054-8F40-F886AE12AE99}"
EndProject
Project("{9A19103F-16F7-4668-BE54-9A1E7A4F7556}") = "Healthcare.Database", "Healthcare.Database\Healthcare.Database.csproj", "{8C77F805-7852-4A83-841E-E2DF186D07D1}"
EndProject
Project("{9A19103F-16F7-4668-BE54-9A1E7A4F7556}") = "Healthcare.Json", "Healthcare.Json\Healthcare.Json.csproj", "{6B5CCBA6-1CFD-4B62-A10A-59BC6F50CF5E}"
EndProject
Project("{9A19103F-16F7-4668-BE54-9A1E7A4F7556}") = "Healthcare.Notification", "Healthcare.Notification\Healthcare.Notification.csproj", "{8B812079-1091-4E2D-8ACE-7C5704ABF104}"
EndProject
Project("{9A19103F-16F7-4668-BE54-9A1E7A4F7556}") = "Healthcare.Logic.Tests", "Healthcare.Tests\Healthcare.Logic.Tests.csproj", "{0AE89ED8-7489-4A88-9E17-5E78200B79E9}"
EndProject
Project("{FAE04EC0-301F-11D3-BF4B-00C04F79EFBC}") = "Healthcare.WPF", "Healthcare.WPF\Healthcare.WPF.csproj", "{27926026-E8C4-41DF-8741-FCB935D51576}"
EndProject
Project("{FAE04EC0-301F-11D3-BF4B-00C04F79EFBC}") = "Healthcare.Authentication", "Healthcare.Authentication\Healthcare.Authentication.csproj", "{10F6218B-5D78-4E1E-B3BD-3FFBDAA4D16A}"
EndProject
Global
	GlobalSection(SolutionConfigurationPlatforms) = preSolution
		Debug|Any CPU = Debug|Any CPU
		Release|Any CPU = Release|Any CPU
	EndGlobalSection
	GlobalSection(ProjectConfigurationPlatforms) = postSolution
		{F0188A85-88FC-4F14-9F27-AB3117BB4310}.Debug|Any CPU.ActiveCfg = Debug|Any CPU
		{F0188A85-88FC-4F14-9F27-AB3117BB4310}.Debug|Any CPU.Build.0 = Debug|Any CPU
		{F0188A85-88FC-4F14-9F27-AB3117BB4310}.Release|Any CPU.ActiveCfg = Release|Any CPU
		{F0188A85-88FC-4F14-9F27-AB3117BB4310}.Release|Any CPU.Build.0 = Release|Any CPU
		{6FA424C7-0937-4054-8F40-F886AE12AE99}.Debug|Any CPU.ActiveCfg = Debug|Any CPU
		{6FA424C7-0937-4054-8F40-F886AE12AE99}.Debug|Any CPU.Build.0 = Debug|Any CPU
		{6FA424C7-0937-4054-8F40-F886AE12AE99}.Release|Any CPU.ActiveCfg = Release|Any CPU
		{6FA424C7-0937-4054-8F40-F886AE12AE99}.Release|Any CPU.Build.0 = Release|Any CPU
		{8C77F805-7852-4A83-841E-E2DF186D07D1}.Debug|Any CPU.ActiveCfg = Debug|Any CPU
		{8C77F805-7852-4A83-841E-E2DF186D07D1}.Debug|Any CPU.Build.0 = Debug|Any CPU
		{8C77F805-7852-4A83-841E-E2DF186D07D1}.Release|Any CPU.ActiveCfg = Release|Any CPU
		{8C77F805-7852-4A83-841E-E2DF186D07D1}.Release|Any CPU.Build.0 = Release|Any CPU
		{6B5CCBA6-1CFD-4B62-A10A-59BC6F50CF5E}.Debug|Any CPU.ActiveCfg = Debug|Any CPU
		{6B5CCBA6-1CFD-4B62-A10A-59BC6F50CF5E}.Debug|Any CPU.Build.0 = Debug|Any CPU
		{6B5CCBA6-1CFD-4B62-A10A-59BC6F50CF5E}.Release|Any CPU.ActiveCfg = Release|Any CPU
		{6B5CCBA6-1CFD-4B62-A10A-59BC6F50CF5E}.Release|Any CPU.Build.0 = Release|Any CPU
		{8B812079-1091-4E2D-8ACE-7C5704ABF104}.Debug|Any CPU.ActiveCfg = Debug|Any CPU
		{8B812079-1091-4E2D-8ACE-7C5704ABF104}.Debug|Any CPU.Build.0 = Debug|Any CPU
		{8B812079-1091-4E2D-8ACE-7C5704ABF104}.Release|Any CPU.ActiveCfg = Release|Any CPU
		{8B812079-1091-4E2D-8ACE-7C5704ABF104}.Release|Any CPU.Build.0 = Release|Any CPU
		{0AE89ED8-7489-4A88-9E17-5E78200B79E9}.Debug|Any CPU.ActiveCfg = Debug|Any CPU
		{0AE89ED8-7489-4A88-9E17-5E78200B79E9}.Debug|Any CPU.Build.0 = Debug|Any CPU
		{0AE89ED8-7489-4A88-9E17-5E78200B79E9}.Release|Any CPU.ActiveCfg = Release|Any CPU
		{0AE89ED8-7489-4A88-9E17-5E78200B79E9}.Release|Any CPU.Build.0 = Release|Any CPU
		{27926026-E8C4-41DF-8741-FCB935D51576}.Debug|Any CPU.ActiveCfg = Debug|Any CPU
		{27926026-E8C4-41DF-8741-FCB935D51576}.Debug|Any CPU.Build.0 = Debug|Any CPU
		{27926026-E8C4-41DF-8741-FCB935D51576}.Release|Any CPU.ActiveCfg = Release|Any CPU
		{27926026-E8C4-41DF-8741-FCB935D51576}.Release|Any CPU.Build.0 = Release|Any CPU
		{10F6218B-5D78-4E1E-B3BD-3FFBDAA4D16A}.Debug|Any CPU.ActiveCfg = Debug|Any CPU
		{10F6218B-5D78-4E1E-B3BD-3FFBDAA4D16A}.Debug|Any CPU.Build.0 = Debug|Any CPU
		{10F6218B-5D78-4E1E-B3BD-3FFBDAA4D16A}.Release|Any CPU.ActiveCfg = Release|Any CPU
		{10F6218B-5D78-4E1E-B3BD-3FFBDAA4D16A}.Release|Any CPU.Build.0 = Release|Any CPU
	EndGlobalSection
	GlobalSection(SolutionProperties) = preSolution
		HideSolutionNode = FALSE
	EndGlobalSection
	GlobalSection(ExtensibilityGlobals) = postSolution
		SolutionGuid = {B0237C31-E58E-489D-8779-CEAEC60B6401}
	EndGlobalSection
EndGlobal
